
Microsoft Visual Studio Solution File, Format Version 12.00
# Visual Studio 2013
VisualStudioVersion = 12.0.21005.1
MinimumVisualStudioVersion = 10.0.40219.1
Project("{FAE04EC0-301F-11D3-BF4B-00C04F79EFBC}") = "MockingSamples", "MockingSamples\MockingSamples.csproj", "{FE2EABF3-8999-4D39-99BB-EAC454F34818}"
EndProject
Project("{FAE04EC0-301F-11D3-BF4B-00C04F79EFBC}") = "MockingSamples.Tests", "MockingSamples.Tests\MockingSamples.Tests.csproj", "{995939E9-7449-4568-97DC-EB3CD121189B}"
EndProject
Global
	GlobalSection(SolutionConfigurationPlatforms) = preSolution
		Debug|Any CPU = Debug|Any CPU
		Release|Any CPU = Release|Any CPU
	EndGlobalSection
	GlobalSection(ProjectConfigurationPlatforms) = postSolution
		{FE2EABF3-8999-4D39-99BB-EAC454F34818}.Debug|Any CPU.ActiveCfg = Debug|Any CPU
		{FE2EABF3-8999-4D39-99BB-EAC454F34818}.Debug|Any CPU.Build.0 = Debug|Any CPU
		{FE2EABF3-8999-4D39-99BB-EAC454F34818}.Release|Any CPU.ActiveCfg = Release|Any CPU
		{FE2EABF3-8999-4D39-99BB-EAC454F34818}.Release|Any CPU.Build.0 = Release|Any CPU
		{995939E9-7449-4568-97DC-EB3CD121189B}.Debug|Any CPU.ActiveCfg = Debug|Any CPU
		{995939E9-7449-4568-97DC-EB3CD121189B}.Debug|Any CPU.Build.0 = Debug|Any CPU
		{995939E9-7449-4568-97DC-EB3CD121189B}.Release|Any CPU.ActiveCfg = Release|Any CPU
		{995939E9-7449-4568-97DC-EB3CD121189B}.Release|Any CPU.Build.0 = Release|Any CPU
	EndGlobalSection
	GlobalSection(SolutionProperties) = preSolution
		HideSolutionNode = FALSE
	EndGlobalSection
EndGlobal
